
Microsoft Visual Studio Solution File, Format Version 12.00
# Visual Studio Version 17
VisualStudioVersion = 17.14.36414.22 d17.14
MinimumVisualStudioVersion = 10.0.40219.1
Project("{FAE04EC0-301F-11D3-BF4B-00C04F79EFBC}") = "лаб5.1", "лаб5.1\лаб5.1.csproj", "{FABFD589-D969-47BA-AB53-43B155223337}"
EndProject
Global
	GlobalSection(SolutionConfigurationPlatforms) = preSolution
		Debug|Any CPU = Debug|Any CPU
		Release|Any CPU = Release|Any CPU
	EndGlobalSection
	GlobalSection(ProjectConfigurationPlatforms) = postSolution
		{FABFD589-D969-47BA-AB53-43B155223337}.Debug|Any CPU.ActiveCfg = Debug|Any CPU
		{FABFD589-D969-47BA-AB53-43B155223337}.Debug|Any CPU.Build.0 = Debug|Any CPU
		{FABFD589-D969-47BA-AB53-43B155223337}.Release|Any CPU.ActiveCfg = Release|Any CPU
		{FABFD589-D969-47BA-AB53-43B155223337}.Release|Any CPU.Build.0 = Release|Any CPU
	EndGlobalSection
	GlobalSection(SolutionProperties) = preSolution
		HideSolutionNode = FALSE
	EndGlobalSection
	GlobalSection(ExtensibilityGlobals) = postSolution
		SolutionGuid = {384D8316-1D37-44AE-8DEF-D8A2E8A48953}
	EndGlobalSection
EndGlobal
